
Microsoft Visual Studio Solution File, Format Version 12.00
# Visual Studio Version 18
VisualStudioVersion = 18.4.11612.150
MinimumVisualStudioVersion = 10.0.40219.1
Project("{FAE04EC0-301F-11D3-BF4B-00C04F79EFBC}") = "CarRentalPlatform", "Applications\CarRentalPlatform\CarRentalPlatform.csproj", "{B7D34B19-B463-8A2D-B813-52C1E9932226}"
EndProject
Project("{FAE04EC0-301F-11D3-BF4B-00C04F79EFBC}") = "CarRentalCustomers", "Services\CarRentalCustomers\CarRentalCustomers.csproj", "{A88AA0EC-0EC1-D815-1CBD-57BD4D5E0522}"
	ProjectSection(ProjectDependencies) = postProject
		{C094B095-E383-4FBE-B78E-094D22C5FD06} = {C094B095-E383-4FBE-B78E-094D22C5FD06}
	EndProjectSection
EndProject
Project("{2150E333-8FDC-42A3-9474-1A3956D46DE8}") = "Applications", "Applications", "{02EA681E-C7D8-13C7-8484-4AC65E1B71E8}"
EndProject
Project("{2150E333-8FDC-42A3-9474-1A3956D46DE8}") = "Services", "Services", "{DA374289-26B1-4DF7-BD1D-A6E9E398AA89}"
EndProject
Project("{FAE04EC0-301F-11D3-BF4B-00C04F79EFBC}") = "Maintenance.WebAPI", "Services\Maintenance.WebAPI\Maintenance.WebAPI.csproj", "{E2071491-43B9-1A54-B896-A506D9230B49}"
	ProjectSection(ProjectDependencies) = postProject
		{C094B095-E383-4FBE-B78E-094D22C5FD06} = {C094B095-E383-4FBE-B78E-094D22C5FD06}
	EndProjectSection
EndProject
Project("{2150E333-8FDC-42A3-9474-1A3956D46DE8}") = "VehicleInventory", "VehicleInventory", "{E8BCB0A1-8493-4B83-84A4-0115B5D6A223}"
EndProject
Project("{FAE04EC0-301F-11D3-BF4B-00C04F79EFBC}") = "VehicleInventory.WebAPI", "Services\VehicleInventory\VehicleInventory.WebAPI\VehicleInventory.WebAPI.csproj", "{83FC8FF2-EFCF-4A8B-9279-1FE83852D24D}"
	ProjectSection(ProjectDependencies) = postProject
		{C094B095-E383-4FBE-B78E-094D22C5FD06} = {C094B095-E383-4FBE-B78E-094D22C5FD06}
	EndProjectSection
EndProject
Project("{FAE04EC0-301F-11D3-BF4B-00C04F79EFBC}") = "VehicleInventory.Application", "Services\VehicleInventory\VehicleInventory.Application\VehicleInventory.Application.csproj", "{DAFC2AD2-E608-4D8E-8E61-F02C7048AD3A}"
EndProject
Project("{FAE04EC0-301F-11D3-BF4B-00C04F79EFBC}") = "VehicleInventory.Infrastructure", "Services\VehicleInventory\VehicleInventory.Infrastructure\VehicleInventory.Infrastructure.csproj", "{365E3800-8BF9-472E-B547-0404E944100E}"
EndProject
Project("{FAE04EC0-301F-11D3-BF4B-00C04F79EFBC}") = "VehicleInventory.Domain", "Services\VehicleInventory\VehicleInventory.Domain\VehicleInventory.Domain.csproj", "{6340321B-3635-4CC8-8EC9-6BA56BE361DC}"
EndProject
Project("{2150E333-8FDC-42A3-9474-1A3956D46DE8}") = "Shared", "Shared", "{CB491A33-D8FD-4160-B8FE-EA101049EAF0}"
EndProject
Project("{FAE04EC0-301F-11D3-BF4B-00C04F79EFBC}") = "GS_Shared_Infrastructure", "Shared\GS_Shared_Infrastructure\GS_Shared_Infrastructure.csproj", "{C094B095-E383-4FBE-B78E-094D22C5FD06}"
EndProject
Project("{FAE04EC0-301F-11D3-BF4B-00C04F79EFBC}") = "API_Gateway", "API_Gateway\API_Gateway.csproj", "{C16D3A01-7B5D-4FCE-A52B-43FC93CDF120}"
	ProjectSection(ProjectDependencies) = postProject
		{C094B095-E383-4FBE-B78E-094D22C5FD06} = {C094B095-E383-4FBE-B78E-094D22C5FD06}
	EndProjectSection
EndProject
Project("{E53339B2-1760-4266-BCC7-CA923CBCF16C}") = "docker-compose", "docker-compose.dcproj", "{81DDED9D-158B-E303-5F62-77A2896D2A5A}"
EndProject
Project("{2150E333-8FDC-42A3-9474-1A3956D46DE8}") = "K8s", "K8s", "{7DFB4865-F2DE-4DBC-A426-029435536F5E}"
	ProjectSection(SolutionItems) = preProject
		k8s\carrental-mvc-deployment.yaml = k8s\carrental-mvc-deployment.yaml
		k8s\carrental-mvc-service.yaml = k8s\carrental-mvc-service.yaml
		k8s\customers-deployment.yaml = k8s\customers-deployment.yaml
		k8s\customers-service.yaml = k8s\customers-service.yaml
		k8s\gateway-deployment.yaml = k8s\gateway-deployment.yaml
		k8s\gateway-service.yaml = k8s\gateway-service.yaml
		k8s\maintenance-deployment.yaml = k8s\maintenance-deployment.yaml
		k8s\maintenance-service.yaml = k8s\maintenance-service.yaml
		k8s\reservations-deployment.yaml = k8s\reservations-deployment.yaml
		k8s\reservations-service.yaml = k8s\reservations-service.yaml
		k8s\vehicleinventory-deployment.yaml = k8s\vehicleinventory-deployment.yaml
		k8s\vehicleinventory-service.yaml = k8s\vehicleinventory-service.yaml
	EndProjectSection
EndProject
Project("{FAE04EC0-301F-11D3-BF4B-00C04F79EFBC}") = "G2Reservations.WebAPI", "Services\G2Reservations.WebAPI\G2Reservations.WebAPI.csproj", "{94EFEEE2-7B42-4F22-8618-9FF7B897485D}"
EndProject
Global
	GlobalSection(SolutionConfigurationPlatforms) = preSolution
		Debug|Any CPU = Debug|Any CPU
		Release|Any CPU = Release|Any CPU
	EndGlobalSection
	GlobalSection(ProjectConfigurationPlatforms) = postSolution
		{B7D34B19-B463-8A2D-B813-52C1E9932226}.Debug|Any CPU.ActiveCfg = Debug|Any CPU
		{B7D34B19-B463-8A2D-B813-52C1E9932226}.Debug|Any CPU.Build.0 = Debug|Any CPU
		{B7D34B19-B463-8A2D-B813-52C1E9932226}.Release|Any CPU.ActiveCfg = Release|Any CPU
		{B7D34B19-B463-8A2D-B813-52C1E9932226}.Release|Any CPU.Build.0 = Release|Any CPU
		{A88AA0EC-0EC1-D815-1CBD-57BD4D5E0522}.Debug|Any CPU.ActiveCfg = Debug|Any CPU
		{A88AA0EC-0EC1-D815-1CBD-57BD4D5E0522}.Debug|Any CPU.Build.0 = Debug|Any CPU
		{A88AA0EC-0EC1-D815-1CBD-57BD4D5E0522}.Release|Any CPU.ActiveCfg = Release|Any CPU
		{A88AA0EC-0EC1-D815-1CBD-57BD4D5E0522}.Release|Any CPU.Build.0 = Release|Any CPU
		{E2071491-43B9-1A54-B896-A506D9230B49}.Debug|Any CPU.ActiveCfg = Debug|Any CPU
		{E2071491-43B9-1A54-B896-A506D9230B49}.Debug|Any CPU.Build.0 = Debug|Any CPU
		{E2071491-43B9-1A54-B896-A506D9230B49}.Release|Any CPU.ActiveCfg = Release|Any CPU
		{E2071491-43B9-1A54-B896-A506D9230B49}.Release|Any CPU.Build.0 = Release|Any CPU
		{83FC8FF2-EFCF-4A8B-9279-1FE83852D24D}.Debug|Any CPU.ActiveCfg = Debug|Any CPU
		{83FC8FF2-EFCF-4A8B-9279-1FE83852D24D}.Debug|Any CPU.Build.0 = Debug|Any CPU
		{83FC8FF2-EFCF-4A8B-9279-1FE83852D24D}.Release|Any CPU.ActiveCfg = Release|Any CPU
		{83FC8FF2-EFCF-4A8B-9279-1FE83852D24D}.Release|Any CPU.Build.0 = Release|Any CPU
		{DAFC2AD2-E608-4D8E-8E61-F02C7048AD3A}.Debug|Any CPU.ActiveCfg = Debug|Any CPU
		{DAFC2AD2-E608-4D8E-8E61-F02C7048AD3A}.Debug|Any CPU.Build.0 = Debug|Any CPU
		{DAFC2AD2-E608-4D8E-8E61-F02C7048AD3A}.Release|Any CPU.ActiveCfg = Release|Any CPU
		{DAFC2AD2-E608-4D8E-8E61-F02C7048AD3A}.Release|Any CPU.Build.0 = Release|Any CPU
		{365E3800-8BF9-472E-B547-0404E944100E}.Debug|Any CPU.ActiveCfg = Debug|Any CPU
		{365E3800-8BF9-472E-B547-0404E944100E}.Debug|Any CPU.Build.0 = Debug|Any CPU
		{365E3800-8BF9-472E-B547-0404E944100E}.Release|Any CPU.ActiveCfg = Release|Any CPU
		{365E3800-8BF9-472E-B547-0404E944100E}.Release|Any CPU.Build.0 = Release|Any CPU
		{6340321B-3635-4CC8-8EC9-6BA56BE361DC}.Debug|Any CPU.ActiveCfg = Debug|Any CPU
		{6340321B-3635-4CC8-8EC9-6BA56BE361DC}.Debug|Any CPU.Build.0 = Debug|Any CPU
		{6340321B-3635-4CC8-8EC9-6BA56BE361DC}.Release|Any CPU.ActiveCfg = Release|Any CPU
		{6340321B-3635-4CC8-8EC9-6BA56BE361DC}.Release|Any CPU.Build.0 = Release|Any CPU
		{C094B095-E383-4FBE-B78E-094D22C5FD06}.Debug|Any CPU.ActiveCfg = Debug|Any CPU
		{C094B095-E383-4FBE-B78E-094D22C5FD06}.Debug|Any CPU.Build.0 = Debug|Any CPU
		{C094B095-E383-4FBE-B78E-094D22C5FD06}.Release|Any CPU.ActiveCfg = Release|Any CPU
		{C094B095-E383-4FBE-B78E-094D22C5FD06}.Release|Any CPU.Build.0 = Release|Any CPU
		{C16D3A01-7B5D-4FCE-A52B-43FC93CDF120}.Debug|Any CPU.ActiveCfg = Debug|Any CPU
		{C16D3A01-7B5D-4FCE-A52B-43FC93CDF120}.Debug|Any CPU.Build.0 = Debug|Any CPU
		{C16D3A01-7B5D-4FCE-A52B-43FC93CDF120}.Release|Any CPU.ActiveCfg = Release|Any CPU
		{C16D3A01-7B5D-4FCE-A52B-43FC93CDF120}.Release|Any CPU.Build.0 = Release|Any CPU
		{81DDED9D-158B-E303-5F62-77A2896D2A5A}.Debug|Any CPU.ActiveCfg = Debug|Any CPU
		{81DDED9D-158B-E303-5F62-77A2896D2A5A}.Debug|Any CPU.Build.0 = Debug|Any CPU
		{81DDED9D-158B-E303-5F62-77A2896D2A5A}.Release|Any CPU.ActiveCfg = Release|Any CPU
		{81DDED9D-158B-E303-5F62-77A2896D2A5A}.Release|Any CPU.Build.0 = Release|Any CPU
		{94EFEEE2-7B42-4F22-8618-9FF7B897485D}.Debug|Any CPU.ActiveCfg = Debug|Any CPU
		{94EFEEE2-7B42-4F22-8618-9FF7B897485D}.Debug|Any CPU.Build.0 = Debug|Any CPU
		{94EFEEE2-7B42-4F22-8618-9FF7B897485D}.Release|Any CPU.ActiveCfg = Release|Any CPU
		{94EFEEE2-7B42-4F22-8618-9FF7B897485D}.Release|Any CPU.Build.0 = Release|Any CPU
	EndGlobalSection
	GlobalSection(SolutionProperties) = preSolution
		HideSolutionNode = FALSE
	EndGlobalSection
	GlobalSection(NestedProjects) = preSolution
		{B7D34B19-B463-8A2D-B813-52C1E9932226} = {02EA681E-C7D8-13C7-8484-4AC65E1B71E8}
		{A88AA0EC-0EC1-D815-1CBD-57BD4D5E0522} = {DA374289-26B1-4DF7-BD1D-A6E9E398AA89}
		{E2071491-43B9-1A54-B896-A506D9230B49} = {DA374289-26B1-4DF7-BD1D-A6E9E398AA89}
		{E8BCB0A1-8493-4B83-84A4-0115B5D6A223} = {DA374289-26B1-4DF7-BD1D-A6E9E398AA89}
		{83FC8FF2-EFCF-4A8B-9279-1FE83852D24D} = {E8BCB0A1-8493-4B83-84A4-0115B5D6A223}
		{DAFC2AD2-E608-4D8E-8E61-F02C7048AD3A} = {E8BCB0A1-8493-4B83-84A4-0115B5D6A223}
		{365E3800-8BF9-472E-B547-0404E944100E} = {E8BCB0A1-8493-4B83-84A4-0115B5D6A223}
		{6340321B-3635-4CC8-8EC9-6BA56BE361DC} = {E8BCB0A1-8493-4B83-84A4-0115B5D6A223}
		{C094B095-E383-4FBE-B78E-094D22C5FD06} = {CB491A33-D8FD-4160-B8FE-EA101049EAF0}
		{C16D3A01-7B5D-4FCE-A52B-43FC93CDF120} = {DA374289-26B1-4DF7-BD1D-A6E9E398AA89}
		{94EFEEE2-7B42-4F22-8618-9FF7B897485D} = {DA374289-26B1-4DF7-BD1D-A6E9E398AA89}
	EndGlobalSection
	GlobalSection(ExtensibilityGlobals) = postSolution
		SolutionGuid = {1FC7839A-F367-441C-83FB-C5DD065B13AC}
	EndGlobalSection
EndGlobal
